
Microsoft Visual Studio Solution File, Format Version 12.00
# Visual Studio Version 16
VisualStudioVersion = 16.0.29905.134
MinimumVisualStudioVersion = 10.0.40219.1
Project("{FAE04EC0-301F-11D3-BF4B-00C04F79EFBC}") = "MoviesApp", "MoviesApp.csproj", "{7C0220F5-7707-410E-BD94-5D082DEE9106}"
EndProject
Global
	GlobalSection(SolutionConfigurationPlatforms) = preSolution
		Debug|Any CPU = Debug|Any CPU
		Release|Any CPU = Release|Any CPU
	EndGlobalSection
	GlobalSection(ProjectConfigurationPlatforms) = postSolution
		{7C0220F5-7707-410E-BD94-5D082DEE9106}.Debug|Any CPU.ActiveCfg = Debug|Any CPU
		{7C0220F5-7707-410E-BD94-5D082DEE9106}.Debug|Any CPU.Build.0 = Debug|Any CPU
		{7C0220F5-7707-410E-BD94-5D082DEE9106}.Release|Any CPU.ActiveCfg = Release|Any CPU
		{7C0220F5-7707-410E-BD94-5D082DEE9106}.Release|Any CPU.Build.0 = Release|Any CPU
	EndGlobalSection
	GlobalSection(SolutionProperties) = preSolution
		HideSolutionNode = FALSE
	EndGlobalSection
	GlobalSection(ExtensibilityGlobals) = postSolution
		SolutionGuid = {902BD9E4-6932-431F-A679-DB182AAF4034}
	EndGlobalSection
EndGlobal
